
Microsoft Visual Studio Solution File, Format Version 12.00
# Visual Studio 2013
VisualStudioVersion = 12.0.40629.0
MinimumVisualStudioVersion = 10.0.40219.1
Project("{FAE04EC0-301F-11D3-BF4B-00C04F79EFBC}") = "Off EE", "Off EE\Off EE.csproj", "{5AB3F389-B04A-4F00-BE74-EE72A2CC5507}"
EndProject
Project("{FAE04EC0-301F-11D3-BF4B-00C04F79EFBC}") = "Mod", "Mod\Mod.csproj", "{52F501B0-10CE-4D53-8A1C-41A877B0C8A2}"
EndProject
Project("{FAE04EC0-301F-11D3-BF4B-00C04F79EFBC}") = "Mod Test Thingy", "super test mod\Mod Test Thingy.csproj", "{E9810B5B-3299-4302-B0C8-97C7FAFDE601}"
EndProject
Global
	GlobalSection(SolutionConfigurationPlatforms) = preSolution
		Debug|Any CPU = Debug|Any CPU
		Debug|Mixed Platforms = Debug|Mixed Platforms
		Debug|x86 = Debug|x86
		Release|Any CPU = Release|Any CPU
		Release|Mixed Platforms = Release|Mixed Platforms
		Release|x86 = Release|x86
	EndGlobalSection
	GlobalSection(ProjectConfigurationPlatforms) = postSolution
		{5AB3F389-B04A-4F00-BE74-EE72A2CC5507}.Debug|Any CPU.ActiveCfg = Debug|x86
		{5AB3F389-B04A-4F00-BE74-EE72A2CC5507}.Debug|Mixed Platforms.ActiveCfg = Debug|x86
		{5AB3F389-B04A-4F00-BE74-EE72A2CC5507}.Debug|Mixed Platforms.Build.0 = Debug|x86
		{5AB3F389-B04A-4F00-BE74-EE72A2CC5507}.Debug|x86.ActiveCfg = Debug|x86
		{5AB3F389-B04A-4F00-BE74-EE72A2CC5507}.Debug|x86.Build.0 = Debug|x86
		{5AB3F389-B04A-4F00-BE74-EE72A2CC5507}.Release|Any CPU.ActiveCfg = Release|x86
		{5AB3F389-B04A-4F00-BE74-EE72A2CC5507}.Release|Mixed Platforms.ActiveCfg = Release|x86
		{5AB3F389-B04A-4F00-BE74-EE72A2CC5507}.Release|Mixed Platforms.Build.0 = Release|x86
		{5AB3F389-B04A-4F00-BE74-EE72A2CC5507}.Release|x86.ActiveCfg = Release|x86
		{5AB3F389-B04A-4F00-BE74-EE72A2CC5507}.Release|x86.Build.0 = Release|x86
		{52F501B0-10CE-4D53-8A1C-41A877B0C8A2}.Debug|Any CPU.ActiveCfg = Debug|Any CPU
		{52F501B0-10CE-4D53-8A1C-41A877B0C8A2}.Debug|Any CPU.Build.0 = Debug|Any CPU
		{52F501B0-10CE-4D53-8A1C-41A877B0C8A2}.Debug|Mixed Platforms.ActiveCfg = Debug|Any CPU
		{52F501B0-10CE-4D53-8A1C-41A877B0C8A2}.Debug|Mixed Platforms.Build.0 = Debug|Any CPU
		{52F501B0-10CE-4D53-8A1C-41A877B0C8A2}.Debug|x86.ActiveCfg = Debug|Any CPU
		{52F501B0-10CE-4D53-8A1C-41A877B0C8A2}.Release|Any CPU.ActiveCfg = Release|Any CPU
		{52F501B0-10CE-4D53-8A1C-41A877B0C8A2}.Release|Any CPU.Build.0 = Release|Any CPU
		{52F501B0-10CE-4D53-8A1C-41A877B0C8A2}.Release|Mixed Platforms.ActiveCfg = Release|Any CPU
		{52F501B0-10CE-4D53-8A1C-41A877B0C8A2}.Release|Mixed Platforms.Build.0 = Release|Any CPU
		{52F501B0-10CE-4D53-8A1C-41A877B0C8A2}.Release|x86.ActiveCfg = Release|Any CPU
		{E9810B5B-3299-4302-B0C8-97C7FAFDE601}.Debug|Any CPU.ActiveCfg = Debug|Any CPU
		{E9810B5B-3299-4302-B0C8-97C7FAFDE601}.Debug|Any CPU.Build.0 = Debug|Any CPU
		{E9810B5B-3299-4302-B0C8-97C7FAFDE601}.Debug|Mixed Platforms.ActiveCfg = Debug|Any CPU
		{E9810B5B-3299-4302-B0C8-97C7FAFDE601}.Debug|Mixed Platforms.Build.0 = Debug|Any CPU
		{E9810B5B-3299-4302-B0C8-97C7FAFDE601}.Debug|x86.ActiveCfg = Debug|Any CPU
		{E9810B5B-3299-4302-B0C8-97C7FAFDE601}.Release|Any CPU.ActiveCfg = Release|Any CPU
		{E9810B5B-3299-4302-B0C8-97C7FAFDE601}.Release|Any CPU.Build.0 = Release|Any CPU
		{E9810B5B-3299-4302-B0C8-97C7FAFDE601}.Release|Mixed Platforms.ActiveCfg = Release|Any CPU
		{E9810B5B-3299-4302-B0C8-97C7FAFDE601}.Release|Mixed Platforms.Build.0 = Release|Any CPU
		{E9810B5B-3299-4302-B0C8-97C7FAFDE601}.Release|x86.ActiveCfg = Release|Any CPU
	EndGlobalSection
	GlobalSection(SolutionProperties) = preSolution
		HideSolutionNode = FALSE
	EndGlobalSection
EndGlobal
